
Microsoft Visual Studio Solution File, Format Version 12.00
# Visual Studio Version 16
VisualStudioVersion = 16.0.29001.49
MinimumVisualStudioVersion = 10.0.40219.1
Project("{9A19103F-16F7-4668-BE54-9A1E7A4F7556}") = "Gride", "Gride.csproj", "{4D42936B-5115-44BD-9DB9-812321D6C6FC}"
EndProject
Project("{FAE04EC0-301F-11D3-BF4B-00C04F79EFBC}") = "XUnitTestProject1", "..\xUnitTestGride\XUnitTestProject1\XUnitTestProject1.csproj", "{3D885927-DDE5-4752-9949-2AABFCD20B0A}"
Project("{9A19103F-16F7-4668-BE54-9A1E7A4F7556}") = "GrideTest", "..\GrideTest\GrideTest.csproj", "{E9355E66-A3D0-4AAF-B6FB-0883CA261F88}"
Project("{9A19103F-16F7-4668-BE54-9A1E7A4F7556}") = "UnitTestGride", "..\UnitTestGride\UnitTestGride.csproj", "{9E7335EE-A9FB-4F52-8BF2-518B0E82B096}"
	ProjectSection(ProjectDependencies) = postProject
		{4D42936B-5115-44BD-9DB9-812321D6C6FC} = {4D42936B-5115-44BD-9DB9-812321D6C6FC}
	EndProjectSection
EndProject
Project("{9A19103F-16F7-4668-BE54-9A1E7A4F7556}") = "IntergrationTest", "..\IntergrationTest\IntergrationTest.csproj", "{3D8141DC-CF71-4EEB-AEDF-D91D04BFF12D}"
EndProject
Global
	GlobalSection(SolutionConfigurationPlatforms) = preSolution
		Debug|Any CPU = Debug|Any CPU
		Release|Any CPU = Release|Any CPU
	EndGlobalSection
	GlobalSection(ProjectConfigurationPlatforms) = postSolution
		{4D42936B-5115-44BD-9DB9-812321D6C6FC}.Debug|Any CPU.ActiveCfg = Debug|Any CPU
		{4D42936B-5115-44BD-9DB9-812321D6C6FC}.Debug|Any CPU.Build.0 = Debug|Any CPU
		{4D42936B-5115-44BD-9DB9-812321D6C6FC}.Release|Any CPU.ActiveCfg = Release|Any CPU
		{4D42936B-5115-44BD-9DB9-812321D6C6FC}.Release|Any CPU.Build.0 = Release|Any CPU
		{9E7335EE-A9FB-4F52-8BF2-518B0E82B096}.Debug|Any CPU.ActiveCfg = Debug|Any CPU
		{9E7335EE-A9FB-4F52-8BF2-518B0E82B096}.Debug|Any CPU.Build.0 = Debug|Any CPU
		{9E7335EE-A9FB-4F52-8BF2-518B0E82B096}.Release|Any CPU.ActiveCfg = Release|Any CPU
		{9E7335EE-A9FB-4F52-8BF2-518B0E82B096}.Release|Any CPU.Build.0 = Release|Any CPU
		{3D8141DC-CF71-4EEB-AEDF-D91D04BFF12D}.Debug|Any CPU.ActiveCfg = Debug|Any CPU
		{3D8141DC-CF71-4EEB-AEDF-D91D04BFF12D}.Debug|Any CPU.Build.0 = Debug|Any CPU
		{3D8141DC-CF71-4EEB-AEDF-D91D04BFF12D}.Release|Any CPU.ActiveCfg = Release|Any CPU
		{3D8141DC-CF71-4EEB-AEDF-D91D04BFF12D}.Release|Any CPU.Build.0 = Release|Any CPU
		{1744F1AB-5237-42B1-A922-583BF93FB5BC}.Debug|Any CPU.ActiveCfg = Debug|Any CPU
		{1744F1AB-5237-42B1-A922-583BF93FB5BC}.Debug|Any CPU.Build.0 = Debug|Any CPU
		{1744F1AB-5237-42B1-A922-583BF93FB5BC}.Release|Any CPU.ActiveCfg = Release|Any CPU
		{1744F1AB-5237-42B1-A922-583BF93FB5BC}.Release|Any CPU.Build.0 = Release|Any CPU
	EndGlobalSection
	GlobalSection(SolutionProperties) = preSolution
		HideSolutionNode = FALSE
	EndGlobalSection
	GlobalSection(ExtensibilityGlobals) = postSolution
		SolutionGuid = {8110095D-E048-4065-8299-0474BA3A1FC3}
	EndGlobalSection
EndGlobal
